
Microsoft Visual Studio Solution File, Format Version 10.00
# Visual Studio 2008
Project("{8BC9CEB8-8B4A-11D0-8D11-00A0C91BC942}") = "Testing", "Testing\Testing.vcproj", "{F6A3F827-627C-4B90-9CED-2E12407DC610}"
EndProject
Global
	GlobalSection(SolutionConfigurationPlatforms) = preSolution
		Debug|Win32 = Debug|Win32
		Release|Win32 = Release|Win32
	EndGlobalSection
	GlobalSection(ProjectConfigurationPlatforms) = postSolution
		{F6A3F827-627C-4B90-9CED-2E12407DC610}.Debug|Win32.ActiveCfg = Debug|Win32
		{F6A3F827-627C-4B90-9CED-2E12407DC610}.Debug|Win32.Build.0 = Debug|Win32
		{F6A3F827-627C-4B90-9CED-2E12407DC610}.Release|Win32.ActiveCfg = Release|Win32
		{F6A3F827-627C-4B90-9CED-2E12407DC610}.Release|Win32.Build.0 = Release|Win32
	EndGlobalSection
	GlobalSection(SolutionProperties) = preSolution
		HideSolutionNode = FALSE
	EndGlobalSection
EndGlobal
